
Microsoft Visual Studio Solution File, Format Version 12.00
# 
Project("{2150E333-8FDC-42A3-9474-1A3956D46DE8}") = ".paket", ".paket", "{38B4EE94-87D5-4538-B5B7-931220FD1D4B}"
	ProjectSection(SolutionItems) = preProject
		paket.dependencies = paket.dependencies
	EndProjectSection
EndProject
Project("{2150E333-8FDC-42A3-9474-1A3956D46DE8}") = "signer", "signer", "{26725F65-C770-44CC-868F-5DD24D274515}"
EndProject
Project("{2150E333-8FDC-42A3-9474-1A3956D46DE8}") = "src", "src", "{E0A4C711-BB2E-4607-908D-F3F9C3C86D26}"
EndProject
Project("{F2A71F9B-5D33-465A-A702-920D77279786}") = "Signer.Core", "signer\src\Signer.Core\Signer.Core.fsproj", "{E76512AA-1A35-49B5-BDCE-A05453046EAE}"
EndProject
Project("{F2A71F9B-5D33-465A-A702-920D77279786}") = "Signer.Service", "signer\src\Signer.Service\Signer.Service.fsproj", "{94234220-E6D5-46F9-903A-5955E5E2BADB}"
EndProject
Project("{2150E333-8FDC-42A3-9474-1A3956D46DE8}") = "tests", "tests", "{65ADD626-54B9-4F80-8B3A-E8C3CCC2FDA5}"
EndProject
Project("{F2A71F9B-5D33-465A-A702-920D77279786}") = "Signer.Test", "signer\tests\Signer.Test\Signer.Test.fsproj", "{EB4DAECF-ECC1-4632-ADFD-63F14A6BA1F4}"
EndProject
Project("{2150E333-8FDC-42A3-9474-1A3956D46DE8}") = "indexer", "indexer", "{3120981E-D3A9-4D7D-8C80-933F0D61D4DF}"
EndProject
Project("{2150E333-8FDC-42A3-9474-1A3956D46DE8}") = "src", "src", "{F061BB7E-5D72-4CB5-ABB0-00E18275A06B}"
EndProject
Project("{F2A71F9B-5D33-465A-A702-920D77279786}") = "Indexer.Core", "indexer\src\Indexer.Core\Indexer.Core.fsproj", "{DDCC0046-2182-44EB-9CBD-E4385ECA9F7F}"
EndProject
Project("{F2A71F9B-5D33-465A-A702-920D77279786}") = "Indexer.Service", "indexer\src\Indexer.Service\Indexer.Service.fsproj", "{72324AC1-AD5E-47B4-BE11-43CF6D7C09F0}"
EndProject
Project("{2150E333-8FDC-42A3-9474-1A3956D46DE8}") = "tests", "tests", "{6BA84C0D-6DEB-4971-B41A-B2D5B2A52DB8}"
EndProject
Project("{F2A71F9B-5D33-465A-A702-920D77279786}") = "Indexer.Test", "indexer\tests\Indexer.Test\Indexer.Test.fsproj", "{CC223659-398F-4462-9879-5F3E6EE8406E}"
EndProject
Global
	GlobalSection(SolutionConfigurationPlatforms) = preSolution
		Debug|Any CPU = Debug|Any CPU
		Release|Any CPU = Release|Any CPU
	EndGlobalSection
	GlobalSection(ProjectConfigurationPlatforms) = postSolution
		{E76512AA-1A35-49B5-BDCE-A05453046EAE}.Debug|Any CPU.ActiveCfg = Debug|Any CPU
		{E76512AA-1A35-49B5-BDCE-A05453046EAE}.Debug|Any CPU.Build.0 = Debug|Any CPU
		{E76512AA-1A35-49B5-BDCE-A05453046EAE}.Release|Any CPU.ActiveCfg = Release|Any CPU
		{E76512AA-1A35-49B5-BDCE-A05453046EAE}.Release|Any CPU.Build.0 = Release|Any CPU
		{94234220-E6D5-46F9-903A-5955E5E2BADB}.Debug|Any CPU.ActiveCfg = Debug|Any CPU
		{94234220-E6D5-46F9-903A-5955E5E2BADB}.Debug|Any CPU.Build.0 = Debug|Any CPU
		{94234220-E6D5-46F9-903A-5955E5E2BADB}.Release|Any CPU.ActiveCfg = Release|Any CPU
		{94234220-E6D5-46F9-903A-5955E5E2BADB}.Release|Any CPU.Build.0 = Release|Any CPU
		{EB4DAECF-ECC1-4632-ADFD-63F14A6BA1F4}.Debug|Any CPU.ActiveCfg = Debug|Any CPU
		{EB4DAECF-ECC1-4632-ADFD-63F14A6BA1F4}.Debug|Any CPU.Build.0 = Debug|Any CPU
		{EB4DAECF-ECC1-4632-ADFD-63F14A6BA1F4}.Release|Any CPU.ActiveCfg = Release|Any CPU
		{EB4DAECF-ECC1-4632-ADFD-63F14A6BA1F4}.Release|Any CPU.Build.0 = Release|Any CPU
		{DDCC0046-2182-44EB-9CBD-E4385ECA9F7F}.Debug|Any CPU.ActiveCfg = Debug|Any CPU
		{DDCC0046-2182-44EB-9CBD-E4385ECA9F7F}.Debug|Any CPU.Build.0 = Debug|Any CPU
		{DDCC0046-2182-44EB-9CBD-E4385ECA9F7F}.Release|Any CPU.ActiveCfg = Release|Any CPU
		{DDCC0046-2182-44EB-9CBD-E4385ECA9F7F}.Release|Any CPU.Build.0 = Release|Any CPU
		{72324AC1-AD5E-47B4-BE11-43CF6D7C09F0}.Debug|Any CPU.ActiveCfg = Debug|Any CPU
		{72324AC1-AD5E-47B4-BE11-43CF6D7C09F0}.Debug|Any CPU.Build.0 = Debug|Any CPU
		{72324AC1-AD5E-47B4-BE11-43CF6D7C09F0}.Release|Any CPU.ActiveCfg = Release|Any CPU
		{72324AC1-AD5E-47B4-BE11-43CF6D7C09F0}.Release|Any CPU.Build.0 = Release|Any CPU
		{CC223659-398F-4462-9879-5F3E6EE8406E}.Debug|Any CPU.ActiveCfg = Debug|Any CPU
		{CC223659-398F-4462-9879-5F3E6EE8406E}.Debug|Any CPU.Build.0 = Debug|Any CPU
		{CC223659-398F-4462-9879-5F3E6EE8406E}.Release|Any CPU.ActiveCfg = Release|Any CPU
		{CC223659-398F-4462-9879-5F3E6EE8406E}.Release|Any CPU.Build.0 = Release|Any CPU
	EndGlobalSection
	GlobalSection(NestedProjects) = preSolution
		{E0A4C711-BB2E-4607-908D-F3F9C3C86D26} = {26725F65-C770-44CC-868F-5DD24D274515}
		{E76512AA-1A35-49B5-BDCE-A05453046EAE} = {E0A4C711-BB2E-4607-908D-F3F9C3C86D26}
		{94234220-E6D5-46F9-903A-5955E5E2BADB} = {E0A4C711-BB2E-4607-908D-F3F9C3C86D26}
		{65ADD626-54B9-4F80-8B3A-E8C3CCC2FDA5} = {26725F65-C770-44CC-868F-5DD24D274515}
		{EB4DAECF-ECC1-4632-ADFD-63F14A6BA1F4} = {65ADD626-54B9-4F80-8B3A-E8C3CCC2FDA5}
		{F061BB7E-5D72-4CB5-ABB0-00E18275A06B} = {3120981E-D3A9-4D7D-8C80-933F0D61D4DF}
		{DDCC0046-2182-44EB-9CBD-E4385ECA9F7F} = {F061BB7E-5D72-4CB5-ABB0-00E18275A06B}
		{72324AC1-AD5E-47B4-BE11-43CF6D7C09F0} = {F061BB7E-5D72-4CB5-ABB0-00E18275A06B}
		{6BA84C0D-6DEB-4971-B41A-B2D5B2A52DB8} = {3120981E-D3A9-4D7D-8C80-933F0D61D4DF}
		{CC223659-398F-4462-9879-5F3E6EE8406E} = {6BA84C0D-6DEB-4971-B41A-B2D5B2A52DB8}
	EndGlobalSection
EndGlobal
