
Microsoft Visual Studio Solution File, Format Version 12.00
# 
Project("{2150E333-8FDC-42A3-9474-1A3956D46DE8}") = ".paket", ".paket", "{38B4EE94-87D5-4538-B5B7-931220FD1D4B}"
	ProjectSection(SolutionItems) = preProject
		paket.dependencies = paket.dependencies
	EndProjectSection
EndProject
Project("{2150E333-8FDC-42A3-9474-1A3956D46DE8}") = "src", "src", "{4BEDF503-0558-4239-93A8-266BA9432C1F}"
EndProject
Project("{F2A71F9B-5D33-465A-A702-920D77279786}") = "Signer.Core", "src\Signer.Core\Signer.Core.fsproj", "{0076A010-077D-49D1-BCFF-5F28ABAF21DB}"
EndProject
Project("{F2A71F9B-5D33-465A-A702-920D77279786}") = "Signer.Service", "src\Signer.Service\Signer.Service.fsproj", "{AEF9B52B-4962-48A3-883E-C25278BC203B}"
EndProject
Project("{2150E333-8FDC-42A3-9474-1A3956D46DE8}") = "tests", "tests", "{D71D7E80-1F6C-4810-AA60-27B6F155C1A5}"
EndProject
Project("{F2A71F9B-5D33-465A-A702-920D77279786}") = "Signer.Test", "tests\Signer.Test\Signer.Test.fsproj", "{88A054D1-7EFD-43F6-BCBC-DBF78C67014E}"
EndProject
Global
	GlobalSection(SolutionConfigurationPlatforms) = preSolution
		Debug|Any CPU = Debug|Any CPU
		Release|Any CPU = Release|Any CPU
	EndGlobalSection
	GlobalSection(ProjectConfigurationPlatforms) = postSolution
		{0076A010-077D-49D1-BCFF-5F28ABAF21DB}.Debug|Any CPU.ActiveCfg = Debug|Any CPU
		{0076A010-077D-49D1-BCFF-5F28ABAF21DB}.Debug|Any CPU.Build.0 = Debug|Any CPU
		{0076A010-077D-49D1-BCFF-5F28ABAF21DB}.Release|Any CPU.ActiveCfg = Release|Any CPU
		{0076A010-077D-49D1-BCFF-5F28ABAF21DB}.Release|Any CPU.Build.0 = Release|Any CPU
		{AEF9B52B-4962-48A3-883E-C25278BC203B}.Debug|Any CPU.ActiveCfg = Debug|Any CPU
		{AEF9B52B-4962-48A3-883E-C25278BC203B}.Debug|Any CPU.Build.0 = Debug|Any CPU
		{AEF9B52B-4962-48A3-883E-C25278BC203B}.Release|Any CPU.ActiveCfg = Release|Any CPU
		{AEF9B52B-4962-48A3-883E-C25278BC203B}.Release|Any CPU.Build.0 = Release|Any CPU
		{88A054D1-7EFD-43F6-BCBC-DBF78C67014E}.Debug|Any CPU.ActiveCfg = Debug|Any CPU
		{88A054D1-7EFD-43F6-BCBC-DBF78C67014E}.Debug|Any CPU.Build.0 = Debug|Any CPU
		{88A054D1-7EFD-43F6-BCBC-DBF78C67014E}.Release|Any CPU.ActiveCfg = Release|Any CPU
		{88A054D1-7EFD-43F6-BCBC-DBF78C67014E}.Release|Any CPU.Build.0 = Release|Any CPU
	EndGlobalSection
	GlobalSection(NestedProjects) = preSolution
		{0076A010-077D-49D1-BCFF-5F28ABAF21DB} = {4BEDF503-0558-4239-93A8-266BA9432C1F}
		{AEF9B52B-4962-48A3-883E-C25278BC203B} = {4BEDF503-0558-4239-93A8-266BA9432C1F}
		{88A054D1-7EFD-43F6-BCBC-DBF78C67014E} = {D71D7E80-1F6C-4810-AA60-27B6F155C1A5}
	EndGlobalSection
EndGlobal
